// !$*UTF8*$!
{
	archiveVersion = 1;
	classes = {
	};
	objectVersion = 56;
	objects = {

/* Begin PBXBuildFile section */
		93AB23792AF175960091D2CE /* AppDelegate.swift in Sources */ = {isa = PBXBuildFile; fileRef = 93AB23782AF175960091D2CE /* AppDelegate.swift */; };
		93AB237B2AF175960091D2CE /* SceneDelegate.swift in Sources */ = {isa = PBXBuildFile; fileRef = 93AB237A2AF175960091D2CE /* SceneDelegate.swift */; };
		93AB237D2AF175960091D2CE /* OnboardingScreensViewController.swift in Sources */ = {isa = PBXBuildFile; fileRef = 93AB237C2AF175960091D2CE /* OnboardingScreensViewController.swift */; };
		93AB23822AF175990091D2CE /* Assets.xcassets in Resources */ = {isa = PBXBuildFile; fileRef = 93AB23812AF175990091D2CE /* Assets.xcassets */; };
		93AB23852AF175990091D2CE /* LaunchScreen.storyboard in Resources */ = {isa = PBXBuildFile; fileRef = 93AB23832AF175990091D2CE /* LaunchScreen.storyboard */; };
		93AB23952AF17F300091D2CE /* OnboardingCardView.swift in Sources */ = {isa = PBXBuildFile; fileRef = 93AB23942AF17F300091D2CE /* OnboardingCardView.swift */; };
		93AB23982AF181CE0091D2CE /* Constants.swift in Sources */ = {isa = PBXBuildFile; fileRef = 93AB23972AF181CE0091D2CE /* Constants.swift */; };
		93AB239B2AF1839F0091D2CE /* String+Extension.swift in Sources */ = {isa = PBXBuildFile; fileRef = 93AB239A2AF1839F0091D2CE /* String+Extension.swift */; };
		93AB239E2AF1C59E0091D2CE /* OnboardingPage.swift in Sources */ = {isa = PBXBuildFile; fileRef = 93AB239D2AF1C59D0091D2CE /* OnboardingPage.swift */; };
		93AB23A12AF1CFF60091D2CE /* PrivacyCenterOption.swift in Sources */ = {isa = PBXBuildFile; fileRef = 93AB23A02AF1CFF60091D2CE /* PrivacyCenterOption.swift */; };
		93AB23A32AF1D26C0091D2CE /* NSAttributedString+Extension.swift in Sources */ = {isa = PBXBuildFile; fileRef = 93AB23A22AF1D26C0091D2CE /* NSAttributedString+Extension.swift */; };
		93AB23A72AF1D5E10091D2CE /* OnboardingScreensViewModel.swift in Sources */ = {isa = PBXBuildFile; fileRef = 93AB23A62AF1D5E10091D2CE /* OnboardingScreensViewModel.swift */; };
		93AB23A92AF1D62F0091D2CE /* ActionButtonConfig.swift in Sources */ = {isa = PBXBuildFile; fileRef = 93AB23A82AF1D62F0091D2CE /* ActionButtonConfig.swift */; };
		E26E1FE468FD8583A0A5B33D /* Pods_OnboardingScreens.framework in Frameworks */ = {isa = PBXBuildFile; fileRef = BD8D6EDF2A794E310701986E /* Pods_OnboardingScreens.framework */; };
/* End PBXBuildFile section */

/* Begin PBXFileReference section */
		8379B694122363E5FA89E2F6 /* Pods-OnboardingScreens.debug.xcconfig */ = {isa = PBXFileReference; includeInIndex = 1; lastKnownFileType = text.xcconfig; name = "Pods-OnboardingScreens.debug.xcconfig"; path = "Target Support Files/Pods-OnboardingScreens/Pods-OnboardingScreens.debug.xcconfig"; sourceTree = "<group>"; };
		93AB23752AF175960091D2CE /* OnboardingScreens.app */ = {isa = PBXFileReference; explicitFileType = wrapper.application; includeInIndex = 0; path = OnboardingScreens.app; sourceTree = BUILT_PRODUCTS_DIR; };
		93AB23782AF175960091D2CE /* AppDelegate.swift */ = {isa = PBXFileReference; lastKnownFileType = sourcecode.swift; path = AppDelegate.swift; sourceTree = "<group>"; };
		93AB237A2AF175960091D2CE /* SceneDelegate.swift */ = {isa = PBXFileReference; lastKnownFileType = sourcecode.swift; path = SceneDelegate.swift; sourceTree = "<group>"; };
		93AB237C2AF175960091D2CE /* OnboardingScreensViewController.swift */ = {isa = PBXFileReference; lastKnownFileType = sourcecode.swift; path = OnboardingScreensViewController.swift; sourceTree = "<group>"; };
		93AB23812AF175990091D2CE /* Assets.xcassets */ = {isa = PBXFileReference; lastKnownFileType = folder.assetcatalog; path = Assets.xcassets; sourceTree = "<group>"; };
		93AB23842AF175990091D2CE /* Base */ = {isa = PBXFileReference; lastKnownFileType = file.storyboard; name = Base; path = Base.lproj/LaunchScreen.storyboard; sourceTree = "<group>"; };
		93AB23862AF175990091D2CE /* Info.plist */ = {isa = PBXFileReference; lastKnownFileType = text.plist.xml; path = Info.plist; sourceTree = "<group>"; };
		93AB23942AF17F300091D2CE /* OnboardingCardView.swift */ = {isa = PBXFileReference; lastKnownFileType = sourcecode.swift; path = OnboardingCardView.swift; sourceTree = "<group>"; };
		93AB23972AF181CE0091D2CE /* Constants.swift */ = {isa = PBXFileReference; lastKnownFileType = sourcecode.swift; path = Constants.swift; sourceTree = "<group>"; };
		93AB239A2AF1839F0091D2CE /* String+Extension.swift */ = {isa = PBXFileReference; lastKnownFileType = sourcecode.swift; path = "String+Extension.swift"; sourceTree = "<group>"; };
		93AB239D2AF1C59D0091D2CE /* OnboardingPage.swift */ = {isa = PBXFileReference; lastKnownFileType = sourcecode.swift; path = OnboardingPage.swift; sourceTree = "<group>"; };
		93AB23A02AF1CFF60091D2CE /* PrivacyCenterOption.swift */ = {isa = PBXFileReference; lastKnownFileType = sourcecode.swift; path = PrivacyCenterOption.swift; sourceTree = "<group>"; };
		93AB23A22AF1D26C0091D2CE /* NSAttributedString+Extension.swift */ = {isa = PBXFileReference; lastKnownFileType = sourcecode.swift; path = "NSAttributedString+Extension.swift"; sourceTree = "<group>"; };
		93AB23A62AF1D5E10091D2CE /* OnboardingScreensViewModel.swift */ = {isa = PBXFileReference; lastKnownFileType = sourcecode.swift; path = OnboardingScreensViewModel.swift; sourceTree = "<group>"; };
		93AB23A82AF1D62F0091D2CE /* ActionButtonConfig.swift */ = {isa = PBXFileReference; lastKnownFileType = sourcecode.swift; path = ActionButtonConfig.swift; sourceTree = "<group>"; };
		B8C1B04F060956263E785F4D /* Pods-OnboardingScreens.release.xcconfig */ = {isa = PBXFileReference; includeInIndex = 1; lastKnownFileType = text.xcconfig; name = "Pods-OnboardingScreens.release.xcconfig"; path = "Target Support Files/Pods-OnboardingScreens/Pods-OnboardingScreens.release.xcconfig"; sourceTree = "<group>"; };
		BD8D6EDF2A794E310701986E /* Pods_OnboardingScreens.framework */ = {isa = PBXFileReference; explicitFileType = wrapper.framework; includeInIndex = 0; path = Pods_OnboardingScreens.framework; sourceTree = BUILT_PRODUCTS_DIR; };
/* End PBXFileReference section */

/* Begin PBXFrameworksBuildPhase section */
		93AB23722AF175960091D2CE /* Frameworks */ = {
			isa = PBXFrameworksBuildPhase;
			buildActionMask = 2147483647;
			files = (
				E26E1FE468FD8583A0A5B33D /* Pods_OnboardingScreens.framework in Frameworks */,
			);
			runOnlyForDeploymentPostprocessing = 0;
		};
/* End PBXFrameworksBuildPhase section */

/* Begin PBXGroup section */
		7FFE31C2C95B6E21B750BFFC /* Pods */ = {
			isa = PBXGroup;
			children = (
				8379B694122363E5FA89E2F6 /* Pods-OnboardingScreens.debug.xcconfig */,
				B8C1B04F060956263E785F4D /* Pods-OnboardingScreens.release.xcconfig */,
			);
			path = Pods;
			sourceTree = "<group>";
		};
		93AB236C2AF175960091D2CE = {
			isa = PBXGroup;
			children = (
				93AB23772AF175960091D2CE /* OnboardingScreens */,
				93AB23762AF175960091D2CE /* Products */,
				7FFE31C2C95B6E21B750BFFC /* Pods */,
				A930C5E8D2FAFE8E3A276C50 /* Frameworks */,
			);
			sourceTree = "<group>";
		};
		93AB23762AF175960091D2CE /* Products */ = {
			isa = PBXGroup;
			children = (
				93AB23752AF175960091D2CE /* OnboardingScreens.app */,
			);
			name = Products;
			sourceTree = "<group>";
		};
		93AB23772AF175960091D2CE /* OnboardingScreens */ = {
			isa = PBXGroup;
			children = (
				93AB23962AF181B90091D2CE /* Utils */,
				93AB23922AF178BC0091D2CE /* Domain */,
				93AB23912AF178B50091D2CE /* Data */,
				93AB238F2AF1762C0091D2CE /* Resources */,
				93AB238D2AF176120091D2CE /* Presentation */,
				93AB238C2AF175A20091D2CE /* Application */,
			);
			path = OnboardingScreens;
			sourceTree = "<group>";
		};
		93AB238C2AF175A20091D2CE /* Application */ = {
			isa = PBXGroup;
			children = (
				93AB23782AF175960091D2CE /* AppDelegate.swift */,
				93AB237A2AF175960091D2CE /* SceneDelegate.swift */,
				93AB23862AF175990091D2CE /* Info.plist */,
			);
			path = Application;
			sourceTree = "<group>";
		};
		93AB238D2AF176120091D2CE /* Presentation */ = {
			isa = PBXGroup;
			children = (
				93AB23902AF177A40091D2CE /* Onboarding */,
				93AB238E2AF1761B0091D2CE /* LaunchScreen */,
			);
			path = Presentation;
			sourceTree = "<group>";
		};
		93AB238E2AF1761B0091D2CE /* LaunchScreen */ = {
			isa = PBXGroup;
			children = (
				93AB23832AF175990091D2CE /* LaunchScreen.storyboard */,
			);
			path = LaunchScreen;
			sourceTree = "<group>";
		};
		93AB238F2AF1762C0091D2CE /* Resources */ = {
			isa = PBXGroup;
			children = (
				93AB23812AF175990091D2CE /* Assets.xcassets */,
			);
			path = Resources;
			sourceTree = "<group>";
		};
		93AB23902AF177A40091D2CE /* Onboarding */ = {
			isa = PBXGroup;
			children = (
				93AB23A52AF1D5C00091D2CE /* ViewModel */,
				93AB23A42AF1D5B90091D2CE /* View */,
			);
			path = Onboarding;
			sourceTree = "<group>";
		};
		93AB23912AF178B50091D2CE /* Data */ = {
			isa = PBXGroup;
			children = (
			);
			path = Data;
			sourceTree = "<group>";
		};
		93AB23922AF178BC0091D2CE /* Domain */ = {
			isa = PBXGroup;
			children = (
				93AB239F2AF1CFDC0091D2CE /* PrivacyCenter */,
				93AB239C2AF1C58A0091D2CE /* Onboarding */,
			);
			path = Domain;
			sourceTree = "<group>";
		};
		93AB23932AF17F130091D2CE /* Subviews */ = {
			isa = PBXGroup;
			children = (
				93AB23942AF17F300091D2CE /* OnboardingCardView.swift */,
			);
			path = Subviews;
			sourceTree = "<group>";
		};
		93AB23962AF181B90091D2CE /* Utils */ = {
			isa = PBXGroup;
			children = (
				93AB23992AF183890091D2CE /* Extensions */,
				93AB23972AF181CE0091D2CE /* Constants.swift */,
			);
			path = Utils;
			sourceTree = "<group>";
		};
		93AB23992AF183890091D2CE /* Extensions */ = {
			isa = PBXGroup;
			children = (
				93AB239A2AF1839F0091D2CE /* String+Extension.swift */,
				93AB23A22AF1D26C0091D2CE /* NSAttributedString+Extension.swift */,
			);
			path = Extensions;
			sourceTree = "<group>";
		};
		93AB239C2AF1C58A0091D2CE /* Onboarding */ = {
			isa = PBXGroup;
			children = (
				93AB239D2AF1C59D0091D2CE /* OnboardingPage.swift */,
				93AB23A82AF1D62F0091D2CE /* ActionButtonConfig.swift */,
			);
			path = Onboarding;
			sourceTree = "<group>";
		};
		93AB239F2AF1CFDC0091D2CE /* PrivacyCenter */ = {
			isa = PBXGroup;
			children = (
				93AB23A02AF1CFF60091D2CE /* PrivacyCenterOption.swift */,
			);
			path = PrivacyCenter;
			sourceTree = "<group>";
		};
		93AB23A42AF1D5B90091D2CE /* View */ = {
			isa = PBXGroup;
			children = (
				93AB23932AF17F130091D2CE /* Subviews */,
				93AB237C2AF175960091D2CE /* OnboardingScreensViewController.swift */,
			);
			path = View;
			sourceTree = "<group>";
		};
		93AB23A52AF1D5C00091D2CE /* ViewModel */ = {
			isa = PBXGroup;
			children = (
				93AB23A62AF1D5E10091D2CE /* OnboardingScreensViewModel.swift */,
			);
			path = ViewModel;
			sourceTree = "<group>";
		};
		A930C5E8D2FAFE8E3A276C50 /* Frameworks */ = {
			isa = PBXGroup;
			children = (
				BD8D6EDF2A794E310701986E /* Pods_OnboardingScreens.framework */,
			);
			name = Frameworks;
			sourceTree = "<group>";
		};
/* End PBXGroup section */

/* Begin PBXNativeTarget section */
		93AB23742AF175960091D2CE /* OnboardingScreens */ = {
			isa = PBXNativeTarget;
			buildConfigurationList = 93AB23892AF175990091D2CE /* Build configuration list for PBXNativeTarget "OnboardingScreens" */;
			buildPhases = (
				B11D1BEA3D299EF06BBD8E93 /* [CP] Check Pods Manifest.lock */,
				93AB23712AF175960091D2CE /* Sources */,
				93AB23722AF175960091D2CE /* Frameworks */,
				93AB23732AF175960091D2CE /* Resources */,
				EED6A03B26CAD51F09D67B9F /* [CP] Embed Pods Frameworks */,
			);
			buildRules = (
			);
			dependencies = (
			);
			name = OnboardingScreens;
			productName = OnboardingScreens;
			productReference = 93AB23752AF175960091D2CE /* OnboardingScreens.app */;
			productType = "com.apple.product-type.application";
		};
/* End PBXNativeTarget section */

/* Begin PBXProject section */
		93AB236D2AF175960091D2CE /* Project object */ = {
			isa = PBXProject;
			attributes = {
				BuildIndependentTargetsInParallel = 1;
				LastSwiftUpdateCheck = 1500;
				LastUpgradeCheck = 1500;
				TargetAttributes = {
					93AB23742AF175960091D2CE = {
						CreatedOnToolsVersion = 15.0.1;
					};
				};
			};
			buildConfigurationList = 93AB23702AF175960091D2CE /* Build configuration list for PBXProject "OnboardingScreens" */;
			compatibilityVersion = "Xcode 14.0";
			developmentRegion = en;
			hasScannedForEncodings = 0;
			knownRegions = (
				en,
				Base,
			);
			mainGroup = 93AB236C2AF175960091D2CE;
			productRefGroup = 93AB23762AF175960091D2CE /* Products */;
			projectDirPath = "";
			projectRoot = "";
			targets = (
				93AB23742AF175960091D2CE /* OnboardingScreens */,
			);
		};
/* End PBXProject section */

/* Begin PBXResourcesBuildPhase section */
		93AB23732AF175960091D2CE /* Resources */ = {
			isa = PBXResourcesBuildPhase;
			buildActionMask = 2147483647;
			files = (
				93AB23852AF175990091D2CE /* LaunchScreen.storyboard in Resources */,
				93AB23822AF175990091D2CE /* Assets.xcassets in Resources */,
			);
			runOnlyForDeploymentPostprocessing = 0;
		};
/* End PBXResourcesBuildPhase section */

/* Begin PBXShellScriptBuildPhase section */
		B11D1BEA3D299EF06BBD8E93 /* [CP] Check Pods Manifest.lock */ = {
			isa = PBXShellScriptBuildPhase;
			buildActionMask = 2147483647;
			files = (
			);
			inputFileListPaths = (
			);
			inputPaths = (
				"${PODS_PODFILE_DIR_PATH}/Podfile.lock",
				"${PODS_ROOT}/Manifest.lock",
			);
			name = "[CP] Check Pods Manifest.lock";
			outputFileListPaths = (
			);
			outputPaths = (
				"$(DERIVED_FILE_DIR)/Pods-OnboardingScreens-checkManifestLockResult.txt",
			);
			runOnlyForDeploymentPostprocessing = 0;
			shellPath = /bin/sh;
			shellScript = "diff \"${PODS_PODFILE_DIR_PATH}/Podfile.lock\" \"${PODS_ROOT}/Manifest.lock\" > /dev/null\nif [ $? != 0 ] ; then\n    # print error to STDERR\n    echo \"error: The sandbox is not in sync with the Podfile.lock. Run 'pod install' or update your CocoaPods installation.\" >&2\n    exit 1\nfi\n# This output is used by Xcode 'outputs' to avoid re-running this script phase.\necho \"SUCCESS\" > \"${SCRIPT_OUTPUT_FILE_0}\"\n";
			showEnvVarsInLog = 0;
		};
		EED6A03B26CAD51F09D67B9F /* [CP] Embed Pods Frameworks */ = {
			isa = PBXShellScriptBuildPhase;
			buildActionMask = 2147483647;
			files = (
			);
			inputFileListPaths = (
				"${PODS_ROOT}/Target Support Files/Pods-OnboardingScreens/Pods-OnboardingScreens-frameworks-${CONFIGURATION}-input-files.xcfilelist",
			);
			name = "[CP] Embed Pods Frameworks";
			outputFileListPaths = (
				"${PODS_ROOT}/Target Support Files/Pods-OnboardingScreens/Pods-OnboardingScreens-frameworks-${CONFIGURATION}-output-files.xcfilelist",
			);
			runOnlyForDeploymentPostprocessing = 0;
			shellPath = /bin/sh;
			shellScript = "\"${PODS_ROOT}/Target Support Files/Pods-OnboardingScreens/Pods-OnboardingScreens-frameworks.sh\"\n";
			showEnvVarsInLog = 0;
		};
/* End PBXShellScriptBuildPhase section */

/* Begin PBXSourcesBuildPhase section */
		93AB23712AF175960091D2CE /* Sources */ = {
			isa = PBXSourcesBuildPhase;
			buildActionMask = 2147483647;
			files = (
				93AB23A32AF1D26C0091D2CE /* NSAttributedString+Extension.swift in Sources */,
				93AB237D2AF175960091D2CE /* OnboardingScreensViewController.swift in Sources */,
				93AB23792AF175960091D2CE /* AppDelegate.swift in Sources */,
				93AB23982AF181CE0091D2CE /* Constants.swift in Sources */,
				93AB237B2AF175960091D2CE /* SceneDelegate.swift in Sources */,
				93AB23A12AF1CFF60091D2CE /* PrivacyCenterOption.swift in Sources */,
				93AB23A72AF1D5E10091D2CE /* OnboardingScreensViewModel.swift in Sources */,
				93AB239B2AF1839F0091D2CE /* String+Extension.swift in Sources */,
				93AB23A92AF1D62F0091D2CE /* ActionButtonConfig.swift in Sources */,
				93AB239E2AF1C59E0091D2CE /* OnboardingPage.swift in Sources */,
				93AB23952AF17F300091D2CE /* OnboardingCardView.swift in Sources */,
			);
			runOnlyForDeploymentPostprocessing = 0;
		};
/* End PBXSourcesBuildPhase section */

/* Begin PBXVariantGroup section */
		93AB23832AF175990091D2CE /* LaunchScreen.storyboard */ = {
			isa = PBXVariantGroup;
			children = (
				93AB23842AF175990091D2CE /* Base */,
			);
			name = LaunchScreen.storyboard;
			sourceTree = "<group>";
		};
/* End PBXVariantGroup section */

/* Begin XCBuildConfiguration section */
		93AB23872AF175990091D2CE /* Debug */ = {
			isa = XCBuildConfiguration;
			buildSettings = {
				ALWAYS_SEARCH_USER_PATHS = NO;
				ASSETCATALOG_COMPILER_GENERATE_SWIFT_ASSET_SYMBOL_EXTENSIONS = YES;
				CLANG_ANALYZER_NONNULL = YES;
				CLANG_ANALYZER_NUMBER_OBJECT_CONVERSION = YES_AGGRESSIVE;
				CLANG_CXX_LANGUAGE_STANDARD = "gnu++20";
				CLANG_ENABLE_MODULES = YES;
				CLANG_ENABLE_OBJC_ARC = YES;
				CLANG_ENABLE_OBJC_WEAK = YES;
				CLANG_WARN_BLOCK_CAPTURE_AUTORELEASING = YES;
				CLANG_WARN_BOOL_CONVERSION = YES;
				CLANG_WARN_COMMA = YES;
				CLANG_WARN_CONSTANT_CONVERSION = YES;
				CLANG_WARN_DEPRECATED_OBJC_IMPLEMENTATIONS = YES;
				CLANG_WARN_DIRECT_OBJC_ISA_USAGE = YES_ERROR;
				CLANG_WARN_DOCUMENTATION_COMMENTS = YES;
				CLANG_WARN_EMPTY_BODY = YES;
				CLANG_WARN_ENUM_CONVERSION = YES;
				CLANG_WARN_INFINITE_RECURSION = YES;
				CLANG_WARN_INT_CONVERSION = YES;
				CLANG_WARN_NON_LITERAL_NULL_CONVERSION = YES;
				CLANG_WARN_OBJC_IMPLICIT_RETAIN_SELF = YES;
				CLANG_WARN_OBJC_LITERAL_CONVERSION = YES;
				CLANG_WARN_OBJC_ROOT_CLASS = YES_ERROR;
				CLANG_WARN_QUOTED_INCLUDE_IN_FRAMEWORK_HEADER = YES;
				CLANG_WARN_RANGE_LOOP_ANALYSIS = YES;
				CLANG_WARN_STRICT_PROTOTYPES = YES;
				CLANG_WARN_SUSPICIOUS_MOVE = YES;
				CLANG_WARN_UNGUARDED_AVAILABILITY = YES_AGGRESSIVE;
				CLANG_WARN_UNREACHABLE_CODE = YES;
				CLANG_WARN__DUPLICATE_METHOD_MATCH = YES;
				COPY_PHASE_STRIP = NO;
				DEBUG_INFORMATION_FORMAT = dwarf;
				ENABLE_STRICT_OBJC_MSGSEND = YES;
				ENABLE_TESTABILITY = YES;
				ENABLE_USER_SCRIPT_SANDBOXING = YES;
				GCC_C_LANGUAGE_STANDARD = gnu17;
				GCC_DYNAMIC_NO_PIC = NO;
				GCC_NO_COMMON_BLOCKS = YES;
				GCC_OPTIMIZATION_LEVEL = 0;
				GCC_PREPROCESSOR_DEFINITIONS = (
					"DEBUG=1",
					"$(inherited)",
				);
				GCC_WARN_64_TO_32_BIT_CONVERSION = YES;
				GCC_WARN_ABOUT_RETURN_TYPE = YES_ERROR;
				GCC_WARN_UNDECLARED_SELECTOR = YES;
				GCC_WARN_UNINITIALIZED_AUTOS = YES_AGGRESSIVE;
				GCC_WARN_UNUSED_FUNCTION = YES;
				GCC_WARN_UNUSED_VARIABLE = YES;
				IPHONEOS_DEPLOYMENT_TARGET = 17.0;
				LOCALIZATION_PREFERS_STRING_CATALOGS = YES;
				MTL_ENABLE_DEBUG_INFO = INCLUDE_SOURCE;
				MTL_FAST_MATH = YES;
				ONLY_ACTIVE_ARCH = YES;
				SDKROOT = iphoneos;
				SWIFT_ACTIVE_COMPILATION_CONDITIONS = "DEBUG $(inherited)";
				SWIFT_OPTIMIZATION_LEVEL = "-Onone";
			};
			name = Debug;
		};
		93AB23882AF175990091D2CE /* Release */ = {
			isa = XCBuildConfiguration;
			buildSettings = {
				ALWAYS_SEARCH_USER_PATHS = NO;
				ASSETCATALOG_COMPILER_GENERATE_SWIFT_ASSET_SYMBOL_EXTENSIONS = YES;
				CLANG_ANALYZER_NONNULL = YES;
				CLANG_ANALYZER_NUMBER_OBJECT_CONVERSION = YES_AGGRESSIVE;
				CLANG_CXX_LANGUAGE_STANDARD = "gnu++20";
				CLANG_ENABLE_MODULES = YES;
				CLANG_ENABLE_OBJC_ARC = YES;
				CLANG_ENABLE_OBJC_WEAK = YES;
				CLANG_WARN_BLOCK_CAPTURE_AUTORELEASING = YES;
				CLANG_WARN_BOOL_CONVERSION = YES;
				CLANG_WARN_COMMA = YES;
				CLANG_WARN_CONSTANT_CONVERSION = YES;
				CLANG_WARN_DEPRECATED_OBJC_IMPLEMENTATIONS = YES;
				CLANG_WARN_DIRECT_OBJC_ISA_USAGE = YES_ERROR;
				CLANG_WARN_DOCUMENTATION_COMMENTS = YES;
				CLANG_WARN_EMPTY_BODY = YES;
				CLANG_WARN_ENUM_CONVERSION = YES;
				CLANG_WARN_INFINITE_RECURSION = YES;
				CLANG_WARN_INT_CONVERSION = YES;
				CLANG_WARN_NON_LITERAL_NULL_CONVERSION = YES;
				CLANG_WARN_OBJC_IMPLICIT_RETAIN_SELF = YES;
				CLANG_WARN_OBJC_LITERAL_CONVERSION = YES;
				CLANG_WARN_OBJC_ROOT_CLASS = YES_ERROR;
				CLANG_WARN_QUOTED_INCLUDE_IN_FRAMEWORK_HEADER = YES;
				CLANG_WARN_RANGE_LOOP_ANALYSIS = YES;
				CLANG_WARN_STRICT_PROTOTYPES = YES;
				CLANG_WARN_SUSPICIOUS_MOVE = YES;
				CLANG_WARN_UNGUARDED_AVAILABILITY = YES_AGGRESSIVE;
				CLANG_WARN_UNREACHABLE_CODE = YES;
				CLANG_WARN__DUPLICATE_METHOD_MATCH = YES;
				COPY_PHASE_STRIP = NO;
				DEBUG_INFORMATION_FORMAT = "dwarf-with-dsym";
				ENABLE_NS_ASSERTIONS = NO;
				ENABLE_STRICT_OBJC_MSGSEND = YES;
				ENABLE_USER_SCRIPT_SANDBOXING = YES;
				GCC_C_LANGUAGE_STANDARD = gnu17;
				GCC_NO_COMMON_BLOCKS = YES;
				GCC_WARN_64_TO_32_BIT_CONVERSION = YES;
				GCC_WARN_ABOUT_RETURN_TYPE = YES_ERROR;
				GCC_WARN_UNDECLARED_SELECTOR = YES;
				GCC_WARN_UNINITIALIZED_AUTOS = YES_AGGRESSIVE;
				GCC_WARN_UNUSED_FUNCTION = YES;
				GCC_WARN_UNUSED_VARIABLE = YES;
				IPHONEOS_DEPLOYMENT_TARGET = 17.0;
				LOCALIZATION_PREFERS_STRING_CATALOGS = YES;
				MTL_ENABLE_DEBUG_INFO = NO;
				MTL_FAST_MATH = YES;
				SDKROOT = iphoneos;
				SWIFT_COMPILATION_MODE = wholemodule;
				VALIDATE_PRODUCT = YES;
			};
			name = Release;
		};
		93AB238A2AF175990091D2CE /* Debug */ = {
			isa = XCBuildConfiguration;
			baseConfigurationReference = 8379B694122363E5FA89E2F6 /* Pods-OnboardingScreens.debug.xcconfig */;
			buildSettings = {
				ASSETCATALOG_COMPILER_APPICON_NAME = AppIcon;
				ASSETCATALOG_COMPILER_GLOBAL_ACCENT_COLOR_NAME = AccentColor;
				CODE_SIGN_STYLE = Automatic;
				CURRENT_PROJECT_VERSION = 1;
				DEVELOPMENT_TEAM = 57CXKABA7X;
				ENABLE_USER_SCRIPT_SANDBOXING = NO;
				GENERATE_INFOPLIST_FILE = YES;
				INFOPLIST_FILE = OnboardingScreens/Application/Info.plist;
				INFOPLIST_KEY_UIApplicationSupportsIndirectInputEvents = YES;
				INFOPLIST_KEY_UILaunchStoryboardName = LaunchScreen;
				INFOPLIST_KEY_UISupportedInterfaceOrientations_iPad = "UIInterfaceOrientationPortrait UIInterfaceOrientationPortraitUpsideDown UIInterfaceOrientationLandscapeLeft UIInterfaceOrientationLandscapeRight";
				INFOPLIST_KEY_UISupportedInterfaceOrientations_iPhone = "UIInterfaceOrientationPortrait UIInterfaceOrientationLandscapeLeft UIInterfaceOrientationLandscapeRight";
				LD_RUNPATH_SEARCH_PATHS = (
					"$(inherited)",
					"@executable_path/Frameworks",
				);
				MARKETING_VERSION = 1.0;
				PRODUCT_BUNDLE_IDENTIFIER = com.hetman.OnboardingScreens;
				PRODUCT_NAME = "$(TARGET_NAME)";
				SWIFT_EMIT_LOC_STRINGS = YES;
				SWIFT_VERSION = 5.0;
				TARGETED_DEVICE_FAMILY = "1,2";
			};
			name = Debug;
		};
		93AB238B2AF175990091D2CE /* Release */ = {
			isa = XCBuildConfiguration;
			baseConfigurationReference = B8C1B04F060956263E785F4D /* Pods-OnboardingScreens.release.xcconfig */;
			buildSettings = {
				ASSETCATALOG_COMPILER_APPICON_NAME = AppIcon;
				ASSETCATALOG_COMPILER_GLOBAL_ACCENT_COLOR_NAME = AccentColor;
				CODE_SIGN_STYLE = Automatic;
				CURRENT_PROJECT_VERSION = 1;
				DEVELOPMENT_TEAM = 57CXKABA7X;
				ENABLE_USER_SCRIPT_SANDBOXING = NO;
				GENERATE_INFOPLIST_FILE = YES;
				INFOPLIST_FILE = OnboardingScreens/Application/Info.plist;
				INFOPLIST_KEY_UIApplicationSupportsIndirectInputEvents = YES;
				INFOPLIST_KEY_UILaunchStoryboardName = LaunchScreen;
				INFOPLIST_KEY_UISupportedInterfaceOrientations_iPad = "UIInterfaceOrientationPortrait UIInterfaceOrientationPortraitUpsideDown UIInterfaceOrientationLandscapeLeft UIInterfaceOrientationLandscapeRight";
				INFOPLIST_KEY_UISupportedInterfaceOrientations_iPhone = "UIInterfaceOrientationPortrait UIInterfaceOrientationLandscapeLeft UIInterfaceOrientationLandscapeRight";
				LD_RUNPATH_SEARCH_PATHS = (
					"$(inherited)",
					"@executable_path/Frameworks",
				);
				MARKETING_VERSION = 1.0;
				PRODUCT_BUNDLE_IDENTIFIER = com.hetman.OnboardingScreens;
				PRODUCT_NAME = "$(TARGET_NAME)";
				SWIFT_EMIT_LOC_STRINGS = YES;
				SWIFT_VERSION = 5.0;
				TARGETED_DEVICE_FAMILY = "1,2";
			};
			name = Release;
		};
/* End XCBuildConfiguration section */

/* Begin XCConfigurationList section */
		93AB23702AF175960091D2CE /* Build configuration list for PBXProject "OnboardingScreens" */ = {
			isa = XCConfigurationList;
			buildConfigurations = (
				93AB23872AF175990091D2CE /* Debug */,
				93AB23882AF175990091D2CE /* Release */,
			);
			defaultConfigurationIsVisible = 0;
			defaultConfigurationName = Release;
		};
		93AB23892AF175990091D2CE /* Build configuration list for PBXNativeTarget "OnboardingScreens" */ = {
			isa = XCConfigurationList;
			buildConfigurations = (
				93AB238A2AF175990091D2CE /* Debug */,
				93AB238B2AF175990091D2CE /* Release */,
			);
			defaultConfigurationIsVisible = 0;
			defaultConfigurationName = Release;
		};
/* End XCConfigurationList section */
	};
	rootObject = 93AB236D2AF175960091D2CE /* Project object */;
}
